
Microsoft Visual Studio Solution File, Format Version 12.00
# Visual Studio Version 17
VisualStudioVersion = 17.13.35818.85
MinimumVisualStudioVersion = 10.0.40219.1
Project("{FAE04EC0-301F-11D3-BF4B-00C04F79EFBC}") = "Portfolio.Services.Api", "src\Portfolio.Services.Api\Portfolio.Services.Api.csproj", "{4DDEE9F3-F6BB-47A9-BA44-719346C0A127}"
EndProject
Project("{FAE04EC0-301F-11D3-BF4B-00C04F79EFBC}") = "Portfolio.Api.Infra.Data", "src\Portfolio.Api.Infra.Data\Portfolio.Api.Infra.Data.csproj", "{6A7FD32B-847F-4828-8770-89EB7F364477}"
EndProject
Project("{FAE04EC0-301F-11D3-BF4B-00C04F79EFBC}") = "Portfolio.Api.Domain", "src\Portfolio.Api.Domain\Portfolio.Api.Domain.csproj", "{C814B8CB-6A2E-458D-9CE5-581E69223645}"
EndProject
Project("{2150E333-8FDC-42A3-9474-1A3956D46DE8}") = "01-Services", "01-Services", "{02EA681E-C7D8-13C7-8484-4AC65E1B71E8}"
EndProject
Project("{2150E333-8FDC-42A3-9474-1A3956D46DE8}") = "02-Domain", "02-Domain", "{C6FE509D-B79C-4007-A30C-F9169493E86A}"
EndProject
Project("{2150E333-8FDC-42A3-9474-1A3956D46DE8}") = "03-Infra", "03-Infra", "{D7FD61C2-B7BD-44A5-BB04-34E3EC0D50B5}"
EndProject
Project("{2150E333-8FDC-42A3-9474-1A3956D46DE8}") = "03.01-Data", "03.01-Data", "{CC04757F-99CF-4F9E-ABD5-DC4AC88492FF}"
EndProject
Global
	GlobalSection(SolutionConfigurationPlatforms) = preSolution
		Debug|Any CPU = Debug|Any CPU
		Release|Any CPU = Release|Any CPU
	EndGlobalSection
	GlobalSection(ProjectConfigurationPlatforms) = postSolution
		{4DDEE9F3-F6BB-47A9-BA44-719346C0A127}.Debug|Any CPU.ActiveCfg = Debug|Any CPU
		{4DDEE9F3-F6BB-47A9-BA44-719346C0A127}.Debug|Any CPU.Build.0 = Debug|Any CPU
		{4DDEE9F3-F6BB-47A9-BA44-719346C0A127}.Release|Any CPU.ActiveCfg = Release|Any CPU
		{4DDEE9F3-F6BB-47A9-BA44-719346C0A127}.Release|Any CPU.Build.0 = Release|Any CPU
		{6A7FD32B-847F-4828-8770-89EB7F364477}.Debug|Any CPU.ActiveCfg = Debug|Any CPU
		{6A7FD32B-847F-4828-8770-89EB7F364477}.Debug|Any CPU.Build.0 = Debug|Any CPU
		{6A7FD32B-847F-4828-8770-89EB7F364477}.Release|Any CPU.ActiveCfg = Release|Any CPU
		{6A7FD32B-847F-4828-8770-89EB7F364477}.Release|Any CPU.Build.0 = Release|Any CPU
		{C814B8CB-6A2E-458D-9CE5-581E69223645}.Debug|Any CPU.ActiveCfg = Debug|Any CPU
		{C814B8CB-6A2E-458D-9CE5-581E69223645}.Debug|Any CPU.Build.0 = Debug|Any CPU
		{C814B8CB-6A2E-458D-9CE5-581E69223645}.Release|Any CPU.ActiveCfg = Release|Any CPU
		{C814B8CB-6A2E-458D-9CE5-581E69223645}.Release|Any CPU.Build.0 = Release|Any CPU
	EndGlobalSection
	GlobalSection(SolutionProperties) = preSolution
		HideSolutionNode = FALSE
	EndGlobalSection
	GlobalSection(NestedProjects) = preSolution
		{4DDEE9F3-F6BB-47A9-BA44-719346C0A127} = {02EA681E-C7D8-13C7-8484-4AC65E1B71E8}
		{6A7FD32B-847F-4828-8770-89EB7F364477} = {CC04757F-99CF-4F9E-ABD5-DC4AC88492FF}
		{C814B8CB-6A2E-458D-9CE5-581E69223645} = {C6FE509D-B79C-4007-A30C-F9169493E86A}
		{CC04757F-99CF-4F9E-ABD5-DC4AC88492FF} = {D7FD61C2-B7BD-44A5-BB04-34E3EC0D50B5}
	EndGlobalSection
	GlobalSection(ExtensibilityGlobals) = postSolution
		SolutionGuid = {EAD6837D-7DC0-403D-8C03-B8F8F1234870}
	EndGlobalSection
EndGlobal
